
Microsoft Visual Studio Solution File, Format Version 12.00
# Visual Studio Version 17
VisualStudioVersion = 17.12.35527.113 d17.12
MinimumVisualStudioVersion = 10.0.40219.1
Project("{FAE04EC0-301F-11D3-BF4B-00C04F79EFBC}") = "KISS_Principle", "KISS_Principle\KISS_Principle.csproj", "{1AFB2339-4C47-4B25-AECA-3F4D3CFFDDD7}"
EndProject
Global
	GlobalSection(SolutionConfigurationPlatforms) = preSolution
		Debug|Any CPU = Debug|Any CPU
		Release|Any CPU = Release|Any CPU
	EndGlobalSection
	GlobalSection(ProjectConfigurationPlatforms) = postSolution
		{1AFB2339-4C47-4B25-AECA-3F4D3CFFDDD7}.Debug|Any CPU.ActiveCfg = Debug|Any CPU
		{1AFB2339-4C47-4B25-AECA-3F4D3CFFDDD7}.Debug|Any CPU.Build.0 = Debug|Any CPU
		{1AFB2339-4C47-4B25-AECA-3F4D3CFFDDD7}.Release|Any CPU.ActiveCfg = Release|Any CPU
		{1AFB2339-4C47-4B25-AECA-3F4D3CFFDDD7}.Release|Any CPU.Build.0 = Release|Any CPU
	EndGlobalSection
	GlobalSection(SolutionProperties) = preSolution
		HideSolutionNode = FALSE
	EndGlobalSection
EndGlobal
